{
  "name": "exception-handler",
  "version": "1.0.0",
  "lockfileVersion": 1,
  "requires": true,
  "dependencies": {
    "usleep": {
      "version": "1.0.3",
      "resolved": "https://registry.npmjs.org/usleep/-/usleep-1.0.3.tgz",
      "integrity": "sha512-CE+b82Srym0mPa5vJd0GdpL8S1ZX/TbejznE7os/CVBO//MFX1E6e5ryU4RUVBuPFJZuAGc35C8b/rx3uCtVQA=="
    }
  }
}
